
Microsoft Visual Studio Solution File, Format Version 12.00
# Visual Studio 14
VisualStudioVersion = 14.0.25420.1
MinimumVisualStudioVersion = 10.0.40219.1
Project("{FAE04EC0-301F-11D3-BF4B-00C04F79EFBC}") = "Trouvaille.MVC", "Trouvaille.MVC\Trouvaille.MVC.csproj", "{831BC403-60A1-4E8F-A852-2E2DEB56C544}"
EndProject
Project("{2150E333-8FDC-42A3-9474-1A3956D46DE8}") = "Trouvaille.Data", "Trouvaille.Data", "{C3DFE9FF-2F37-4915-B727-9313EED2CF03}"
EndProject
Project("{FAE04EC0-301F-11D3-BF4B-00C04F79EFBC}") = "Trouvaille.Models", "Trouvaille.Models\Trouvaille.Models.csproj", "{979D3388-28F2-4929-883C-047CBAE5721E}"
EndProject
Project("{FAE04EC0-301F-11D3-BF4B-00C04F79EFBC}") = "Trouvaille.Data", "Trouvaille.Data\Trouvaille.Data.csproj", "{ED4447BC-CEC2-4667-915C-D79809487025}"
EndProject
Project("{2150E333-8FDC-42A3-9474-1A3956D46DE8}") = "Trouvaille.Services", "Trouvaille.Services", "{1ED0FA86-0C9F-46E6-AC46-993AA3825D81}"
EndProject
Project("{FAE04EC0-301F-11D3-BF4B-00C04F79EFBC}") = "Trouvaille.Services", "Trouvaille.Services\Trouvaille.Services.csproj", "{52ACE4FF-3AE7-4DBB-9A9B-181DD22F74B4}"
EndProject
Project("{2150E333-8FDC-42A3-9474-1A3956D46DE8}") = "Trouvaille.Tests", "Trouvaille.Tests", "{15D35D7D-7FBF-4A30-9FFC-5FB4DEA6A62C}"
EndProject
Project("{FAE04EC0-301F-11D3-BF4B-00C04F79EFBC}") = "Trouvaille.UnitTests.Common", "Trouvaille.UnitTests\Trouvaille.UnitTests.Common.csproj", "{CCC4A026-FF7A-4DDB-9322-C0082323CABF}"
EndProject
Project("{FAE04EC0-301F-11D3-BF4B-00C04F79EFBC}") = "Trouvaille.Services.Common", "Trouvaille.Services.Common\Trouvaille.Services.Common.csproj", "{DAFE5655-198E-4E41-8D82-210B4305EE2E}"
EndProject
Project("{2150E333-8FDC-42A3-9474-1A3956D46DE8}") = "Trouvaille.Server", "Trouvaille.Server", "{251B6E01-8299-4C41-9A76-70FC98070EFE}"
EndProject
Project("{FAE04EC0-301F-11D3-BF4B-00C04F79EFBC}") = "Trouvaille.Server.Common", "Trouvaille.Server.Common\Trouvaille.Server.Common.csproj", "{4D67AA4C-6492-40E1-B49E-16B318B21994}"
EndProject
Project("{FAE04EC0-301F-11D3-BF4B-00C04F79EFBC}") = "Trouvaille.Server.Models", "Trouvaille.Server.Models\Trouvaille.Server.Models.csproj", "{04EC1652-B005-40B5-89A0-503F8B5E9AEF}"
EndProject
Project("{FAE04EC0-301F-11D3-BF4B-00C04F79EFBC}") = "Trouvaille.UnitTests.Services", "Trouvaille.UnitTests.Services\Trouvaille.UnitTests.Services.csproj", "{1BB2834A-00F4-4EE0-8A75-94FA8FBBF0A1}"
EndProject
Project("{FAE04EC0-301F-11D3-BF4B-00C04F79EFBC}") = "Trouvaille.UnitTests.Server.Controllers", "Trouvaille.UnitTests.Server.Controllers\Trouvaille.UnitTests.Server.Controllers.csproj", "{1E3B6FC9-5C8E-4A19-B4EF-71FE75349DEE}"
EndProject
Project("{FAE04EC0-301F-11D3-BF4B-00C04F79EFBC}") = "Trouvaille.Server.Identity", "Trouvaille.Server.Identity\Trouvaille.Server.Identity.csproj", "{FE78C631-9AEE-4FB4-B1D4-72D5F51E25B6}"
EndProject
Project("{FAE04EC0-301F-11D3-BF4B-00C04F79EFBC}") = "Trouvaille.UnitTests.Models", "Trouvaille.UnitTests.Models\Trouvaille.UnitTests.Models.csproj", "{68C0FDAA-B414-4FF9-B99B-51D58353D679}"
EndProject
Global
	GlobalSection(SolutionConfigurationPlatforms) = preSolution
		Debug|Any CPU = Debug|Any CPU
		Release|Any CPU = Release|Any CPU
	EndGlobalSection
	GlobalSection(ProjectConfigurationPlatforms) = postSolution
		{831BC403-60A1-4E8F-A852-2E2DEB56C544}.Debug|Any CPU.ActiveCfg = Debug|Any CPU
		{831BC403-60A1-4E8F-A852-2E2DEB56C544}.Debug|Any CPU.Build.0 = Debug|Any CPU
		{831BC403-60A1-4E8F-A852-2E2DEB56C544}.Release|Any CPU.ActiveCfg = Release|Any CPU
		{831BC403-60A1-4E8F-A852-2E2DEB56C544}.Release|Any CPU.Build.0 = Release|Any CPU
		{979D3388-28F2-4929-883C-047CBAE5721E}.Debug|Any CPU.ActiveCfg = Debug|Any CPU
		{979D3388-28F2-4929-883C-047CBAE5721E}.Debug|Any CPU.Build.0 = Debug|Any CPU
		{979D3388-28F2-4929-883C-047CBAE5721E}.Release|Any CPU.ActiveCfg = Release|Any CPU
		{979D3388-28F2-4929-883C-047CBAE5721E}.Release|Any CPU.Build.0 = Release|Any CPU
		{ED4447BC-CEC2-4667-915C-D79809487025}.Debug|Any CPU.ActiveCfg = Debug|Any CPU
		{ED4447BC-CEC2-4667-915C-D79809487025}.Debug|Any CPU.Build.0 = Debug|Any CPU
		{ED4447BC-CEC2-4667-915C-D79809487025}.Release|Any CPU.ActiveCfg = Release|Any CPU
		{ED4447BC-CEC2-4667-915C-D79809487025}.Release|Any CPU.Build.0 = Release|Any CPU
		{52ACE4FF-3AE7-4DBB-9A9B-181DD22F74B4}.Debug|Any CPU.ActiveCfg = Debug|Any CPU
		{52ACE4FF-3AE7-4DBB-9A9B-181DD22F74B4}.Debug|Any CPU.Build.0 = Debug|Any CPU
		{52ACE4FF-3AE7-4DBB-9A9B-181DD22F74B4}.Release|Any CPU.ActiveCfg = Release|Any CPU
		{52ACE4FF-3AE7-4DBB-9A9B-181DD22F74B4}.Release|Any CPU.Build.0 = Release|Any CPU
		{CCC4A026-FF7A-4DDB-9322-C0082323CABF}.Debug|Any CPU.ActiveCfg = Debug|Any CPU
		{CCC4A026-FF7A-4DDB-9322-C0082323CABF}.Debug|Any CPU.Build.0 = Debug|Any CPU
		{CCC4A026-FF7A-4DDB-9322-C0082323CABF}.Release|Any CPU.ActiveCfg = Release|Any CPU
		{CCC4A026-FF7A-4DDB-9322-C0082323CABF}.Release|Any CPU.Build.0 = Release|Any CPU
		{DAFE5655-198E-4E41-8D82-210B4305EE2E}.Debug|Any CPU.ActiveCfg = Debug|Any CPU
		{DAFE5655-198E-4E41-8D82-210B4305EE2E}.Debug|Any CPU.Build.0 = Debug|Any CPU
		{DAFE5655-198E-4E41-8D82-210B4305EE2E}.Release|Any CPU.ActiveCfg = Release|Any CPU
		{DAFE5655-198E-4E41-8D82-210B4305EE2E}.Release|Any CPU.Build.0 = Release|Any CPU
		{4D67AA4C-6492-40E1-B49E-16B318B21994}.Debug|Any CPU.ActiveCfg = Debug|Any CPU
		{4D67AA4C-6492-40E1-B49E-16B318B21994}.Debug|Any CPU.Build.0 = Debug|Any CPU
		{4D67AA4C-6492-40E1-B49E-16B318B21994}.Release|Any CPU.ActiveCfg = Release|Any CPU
		{4D67AA4C-6492-40E1-B49E-16B318B21994}.Release|Any CPU.Build.0 = Release|Any CPU
		{04EC1652-B005-40B5-89A0-503F8B5E9AEF}.Debug|Any CPU.ActiveCfg = Debug|Any CPU
		{04EC1652-B005-40B5-89A0-503F8B5E9AEF}.Debug|Any CPU.Build.0 = Debug|Any CPU
		{04EC1652-B005-40B5-89A0-503F8B5E9AEF}.Release|Any CPU.ActiveCfg = Release|Any CPU
		{04EC1652-B005-40B5-89A0-503F8B5E9AEF}.Release|Any CPU.Build.0 = Release|Any CPU
		{1BB2834A-00F4-4EE0-8A75-94FA8FBBF0A1}.Debug|Any CPU.ActiveCfg = Debug|Any CPU
		{1BB2834A-00F4-4EE0-8A75-94FA8FBBF0A1}.Debug|Any CPU.Build.0 = Debug|Any CPU
		{1BB2834A-00F4-4EE0-8A75-94FA8FBBF0A1}.Release|Any CPU.ActiveCfg = Release|Any CPU
		{1BB2834A-00F4-4EE0-8A75-94FA8FBBF0A1}.Release|Any CPU.Build.0 = Release|Any CPU
		{1E3B6FC9-5C8E-4A19-B4EF-71FE75349DEE}.Debug|Any CPU.ActiveCfg = Debug|Any CPU
		{1E3B6FC9-5C8E-4A19-B4EF-71FE75349DEE}.Debug|Any CPU.Build.0 = Debug|Any CPU
		{1E3B6FC9-5C8E-4A19-B4EF-71FE75349DEE}.Release|Any CPU.ActiveCfg = Release|Any CPU
		{1E3B6FC9-5C8E-4A19-B4EF-71FE75349DEE}.Release|Any CPU.Build.0 = Release|Any CPU
		{FE78C631-9AEE-4FB4-B1D4-72D5F51E25B6}.Debug|Any CPU.ActiveCfg = Debug|Any CPU
		{FE78C631-9AEE-4FB4-B1D4-72D5F51E25B6}.Debug|Any CPU.Build.0 = Debug|Any CPU
		{FE78C631-9AEE-4FB4-B1D4-72D5F51E25B6}.Release|Any CPU.ActiveCfg = Release|Any CPU
		{FE78C631-9AEE-4FB4-B1D4-72D5F51E25B6}.Release|Any CPU.Build.0 = Release|Any CPU
		{68C0FDAA-B414-4FF9-B99B-51D58353D679}.Debug|Any CPU.ActiveCfg = Debug|Any CPU
		{68C0FDAA-B414-4FF9-B99B-51D58353D679}.Debug|Any CPU.Build.0 = Debug|Any CPU
		{68C0FDAA-B414-4FF9-B99B-51D58353D679}.Release|Any CPU.ActiveCfg = Release|Any CPU
		{68C0FDAA-B414-4FF9-B99B-51D58353D679}.Release|Any CPU.Build.0 = Release|Any CPU
	EndGlobalSection
	GlobalSection(SolutionProperties) = preSolution
		HideSolutionNode = FALSE
	EndGlobalSection
	GlobalSection(NestedProjects) = preSolution
		{831BC403-60A1-4E8F-A852-2E2DEB56C544} = {251B6E01-8299-4C41-9A76-70FC98070EFE}
		{979D3388-28F2-4929-883C-047CBAE5721E} = {C3DFE9FF-2F37-4915-B727-9313EED2CF03}
		{ED4447BC-CEC2-4667-915C-D79809487025} = {C3DFE9FF-2F37-4915-B727-9313EED2CF03}
		{52ACE4FF-3AE7-4DBB-9A9B-181DD22F74B4} = {1ED0FA86-0C9F-46E6-AC46-993AA3825D81}
		{CCC4A026-FF7A-4DDB-9322-C0082323CABF} = {15D35D7D-7FBF-4A30-9FFC-5FB4DEA6A62C}
		{DAFE5655-198E-4E41-8D82-210B4305EE2E} = {1ED0FA86-0C9F-46E6-AC46-993AA3825D81}
		{4D67AA4C-6492-40E1-B49E-16B318B21994} = {251B6E01-8299-4C41-9A76-70FC98070EFE}
		{04EC1652-B005-40B5-89A0-503F8B5E9AEF} = {251B6E01-8299-4C41-9A76-70FC98070EFE}
		{1BB2834A-00F4-4EE0-8A75-94FA8FBBF0A1} = {15D35D7D-7FBF-4A30-9FFC-5FB4DEA6A62C}
		{1E3B6FC9-5C8E-4A19-B4EF-71FE75349DEE} = {15D35D7D-7FBF-4A30-9FFC-5FB4DEA6A62C}
		{FE78C631-9AEE-4FB4-B1D4-72D5F51E25B6} = {251B6E01-8299-4C41-9A76-70FC98070EFE}
		{68C0FDAA-B414-4FF9-B99B-51D58353D679} = {15D35D7D-7FBF-4A30-9FFC-5FB4DEA6A62C}
	EndGlobalSection
EndGlobal
